// !$*UTF8*$!
{
	archiveVersion = 1;
	classes = {
	};
	objectVersion = 46;
	objects = {

/* Begin PBXBuildFile section */
		5BC917461AEC0F6600F4C2D3 /* AppDelegate.swift in Sources */ = {isa = PBXBuildFile; fileRef = 5BC917451AEC0F6600F4C2D3 /* AppDelegate.swift */; };
		5BC917481AEC0F6600F4C2D3 /* ViewController.swift in Sources */ = {isa = PBXBuildFile; fileRef = 5BC917471AEC0F6600F4C2D3 /* ViewController.swift */; };
		5BC9174B1AEC0F6600F4C2D3 /* Main.storyboard in Resources */ = {isa = PBXBuildFile; fileRef = 5BC917491AEC0F6600F4C2D3 /* Main.storyboard */; };
		5BC9174D1AEC0F6600F4C2D3 /* Images.xcassets in Resources */ = {isa = PBXBuildFile; fileRef = 5BC9174C1AEC0F6600F4C2D3 /* Images.xcassets */; };
		5BC917501AEC0F6600F4C2D3 /* LaunchScreen.xib in Resources */ = {isa = PBXBuildFile; fileRef = 5BC9174E1AEC0F6600F4C2D3 /* LaunchScreen.xib */; };
		5BC9175C1AEC0F6600F4C2D3 /* tipsterTests.swift in Sources */ = {isa = PBXBuildFile; fileRef = 5BC9175B1AEC0F6600F4C2D3 /* tipsterTests.swift */; };
/* End PBXBuildFile section */

/* Begin PBXContainerItemProxy section */
		5BC917561AEC0F6600F4C2D3 /* PBXContainerItemProxy */ = {
			isa = PBXContainerItemProxy;
			containerPortal = 5BC917381AEC0F6600F4C2D3 /* Project object */;
			proxyType = 1;
			remoteGlobalIDString = 5BC9173F1AEC0F6600F4C2D3;
			remoteInfo = tipster;
		};
/* End PBXContainerItemProxy section */

/* Begin PBXFileReference section */
		5BC917401AEC0F6600F4C2D3 /* tipster.app */ = {isa = PBXFileReference; explicitFileType = wrapper.application; includeInIndex = 0; path = tipster.app; sourceTree = BUILT_PRODUCTS_DIR; };
		5BC917441AEC0F6600F4C2D3 /* Info.plist */ = {isa = PBXFileReference; lastKnownFileType = text.plist.xml; path = Info.plist; sourceTree = "<group>"; };
		5BC917451AEC0F6600F4C2D3 /* AppDelegate.swift */ = {isa = PBXFileReference; lastKnownFileType = sourcecode.swift; path = AppDelegate.swift; sourceTree = "<group>"; };
		5BC917471AEC0F6600F4C2D3 /* ViewController.swift */ = {isa = PBXFileReference; lastKnownFileType = sourcecode.swift; path = ViewController.swift; sourceTree = "<group>"; };
		5BC9174A1AEC0F6600F4C2D3 /* Base */ = {isa = PBXFileReference; lastKnownFileType = file.storyboard; name = Base; path = Base.lproj/Main.storyboard; sourceTree = "<group>"; };
		5BC9174C1AEC0F6600F4C2D3 /* Images.xcassets */ = {isa = PBXFileReference; lastKnownFileType = folder.assetcatalog; path = Images.xcassets; sourceTree = "<group>"; };
		5BC9174F1AEC0F6600F4C2D3 /* Base */ = {isa = PBXFileReference; lastKnownFileType = file.xib; name = Base; path = Base.lproj/LaunchScreen.xib; sourceTree = "<group>"; };
		5BC917551AEC0F6600F4C2D3 /* tipsterTests.xctest */ = {isa = PBXFileReference; explicitFileType = wrapper.cfbundle; includeInIndex = 0; path = tipsterTests.xctest; sourceTree = BUILT_PRODUCTS_DIR; };
		5BC9175A1AEC0F6600F4C2D3 /* Info.plist */ = {isa = PBXFileReference; lastKnownFileType = text.plist.xml; path = Info.plist; sourceTree = "<group>"; };
		5BC9175B1AEC0F6600F4C2D3 /* tipsterTests.swift */ = {isa = PBXFileReference; lastKnownFileType = sourcecode.swift; path = tipsterTests.swift; sourceTree = "<group>"; };
/* End PBXFileReference section */

/* Begin PBXFrameworksBuildPhase section */
		5BC9173D1AEC0F6600F4C2D3 /* Frameworks */ = {
			isa = PBXFrameworksBuildPhase;
			buildActionMask = 2147483647;
			files = (
			);
			runOnlyForDeploymentPostprocessing = 0;
		};
		5BC917521AEC0F6600F4C2D3 /* Frameworks */ = {
			isa = PBXFrameworksBuildPhase;
			buildActionMask = 2147483647;
			files = (
			);
			runOnlyForDeploymentPostprocessing = 0;
		};
/* End PBXFrameworksBuildPhase section */

/* Begin PBXGroup section */
		5BC917371AEC0F6600F4C2D3 = {
			isa = PBXGroup;
			children = (
				5BC917421AEC0F6600F4C2D3 /* tipster */,
				5BC917581AEC0F6600F4C2D3 /* tipsterTests */,
				5BC917411AEC0F6600F4C2D3 /* Products */,
			);
			sourceTree = "<group>";
		};
		5BC917411AEC0F6600F4C2D3 /* Products */ = {
			isa = PBXGroup;
			children = (
				5BC917401AEC0F6600F4C2D3 /* tipster.app */,
				5BC917551AEC0F6600F4C2D3 /* tipsterTests.xctest */,
			);
			name = Products;
			sourceTree = "<group>";
		};
		5BC917421AEC0F6600F4C2D3 /* tipster */ = {
			isa = PBXGroup;
			children = (
				5BC917451AEC0F6600F4C2D3 /* AppDelegate.swift */,
				5BC917471AEC0F6600F4C2D3 /* ViewController.swift */,
				5BC917491AEC0F6600F4C2D3 /* Main.storyboard */,
				5BC9174C1AEC0F6600F4C2D3 /* Images.xcassets */,
				5BC9174E1AEC0F6600F4C2D3 /* LaunchScreen.xib */,
				5BC917431AEC0F6600F4C2D3 /* Supporting Files */,
			);
			path = tipster;
			sourceTree = "<group>";
		};
		5BC917431AEC0F6600F4C2D3 /* Supporting Files */ = {
			isa = PBXGroup;
			children = (
				5BC917441AEC0F6600F4C2D3 /* Info.plist */,
			);
			name = "Supporting Files";
			sourceTree = "<group>";
		};
		5BC917581AEC0F6600F4C2D3 /* tipsterTests */ = {
			isa = PBXGroup;
			children = (
				5BC9175B1AEC0F6600F4C2D3 /* tipsterTests.swift */,
				5BC917591AEC0F6600F4C2D3 /* Supporting Files */,
			);
			path = tipsterTests;
			sourceTree = "<group>";
		};
		5BC917591AEC0F6600F4C2D3 /* Supporting Files */ = {
			isa = PBXGroup;
			children = (
				5BC9175A1AEC0F6600F4C2D3 /* Info.plist */,
			);
			name = "Supporting Files";
			sourceTree = "<group>";
		};
/* End PBXGroup section */

/* Begin PBXNativeTarget section */
		5BC9173F1AEC0F6600F4C2D3 /* tipster */ = {
			isa = PBXNativeTarget;
			buildConfigurationList = 5BC9175F1AEC0F6600F4C2D3 /* Build configuration list for PBXNativeTarget "tipster" */;
			buildPhases = (
				5BC9173C1AEC0F6600F4C2D3 /* Sources */,
				5BC9173D1AEC0F6600F4C2D3 /* Frameworks */,
				5BC9173E1AEC0F6600F4C2D3 /* Resources */,
			);
			buildRules = (
			);
			dependencies = (
			);
			name = tipster;
			productName = tipster;
			productReference = 5BC917401AEC0F6600F4C2D3 /* tipster.app */;
			productType = "com.apple.product-type.application";
		};
		5BC917541AEC0F6600F4C2D3 /* tipsterTests */ = {
			isa = PBXNativeTarget;
			buildConfigurationList = 5BC917621AEC0F6600F4C2D3 /* Build configuration list for PBXNativeTarget "tipsterTests" */;
			buildPhases = (
				5BC917511AEC0F6600F4C2D3 /* Sources */,
				5BC917521AEC0F6600F4C2D3 /* Frameworks */,
				5BC917531AEC0F6600F4C2D3 /* Resources */,
			);
			buildRules = (
			);
			dependencies = (
				5BC917571AEC0F6600F4C2D3 /* PBXTargetDependency */,
			);
			name = tipsterTests;
			productName = tipsterTests;
			productReference = 5BC917551AEC0F6600F4C2D3 /* tipsterTests.xctest */;
			productType = "com.apple.product-type.bundle.unit-test";
		};
/* End PBXNativeTarget section */

/* Begin PBXProject section */
		5BC917381AEC0F6600F4C2D3 /* Project object */ = {
			isa = PBXProject;
			attributes = {
				LastUpgradeCheck = 0610;
				ORGANIZATIONNAME = hackership;
				TargetAttributes = {
					5BC9173F1AEC0F6600F4C2D3 = {
						CreatedOnToolsVersion = 6.1.1;
					};
					5BC917541AEC0F6600F4C2D3 = {
						CreatedOnToolsVersion = 6.1.1;
						TestTargetID = 5BC9173F1AEC0F6600F4C2D3;
					};
				};
			};
			buildConfigurationList = 5BC9173B1AEC0F6600F4C2D3 /* Build configuration list for PBXProject "tipster" */;
			compatibilityVersion = "Xcode 3.2";
			developmentRegion = English;
			hasScannedForEncodings = 0;
			knownRegions = (
				en,
				Base,
			);
			mainGroup = 5BC917371AEC0F6600F4C2D3;
			productRefGroup = 5BC917411AEC0F6600F4C2D3 /* Products */;
			projectDirPath = "";
			projectRoot = "";
			targets = (
				5BC9173F1AEC0F6600F4C2D3 /* tipster */,
				5BC917541AEC0F6600F4C2D3 /* tipsterTests */,
			);
		};
/* End PBXProject section */

/* Begin PBXResourcesBuildPhase section */
		5BC9173E1AEC0F6600F4C2D3 /* Resources */ = {
			isa = PBXResourcesBuildPhase;
			buildActionMask = 2147483647;
			files = (
				5BC9174B1AEC0F6600F4C2D3 /* Main.storyboard in Resources */,
				5BC917501AEC0F6600F4C2D3 /* LaunchScreen.xib in Resources */,
				5BC9174D1AEC0F6600F4C2D3 /* Images.xcassets in Resources */,
			);
			runOnlyForDeploymentPostprocessing = 0;
		};
		5BC917531AEC0F6600F4C2D3 /* Resources */ = {
			isa = PBXResourcesBuildPhase;
			buildActionMask = 2147483647;
			files = (
			);
			runOnlyForDeploymentPostprocessing = 0;
		};
/* End PBXResourcesBuildPhase section */

/* Begin PBXSourcesBuildPhase section */
		5BC9173C1AEC0F6600F4C2D3 /* Sources */ = {
			isa = PBXSourcesBuildPhase;
			buildActionMask = 2147483647;
			files = (
				5BC917481AEC0F6600F4C2D3 /* ViewController.swift in Sources */,
				5BC917461AEC0F6600F4C2D3 /* AppDelegate.swift in Sources */,
			);
			runOnlyForDeploymentPostprocessing = 0;
		};
		5BC917511AEC0F6600F4C2D3 /* Sources */ = {
			isa = PBXSourcesBuildPhase;
			buildActionMask = 2147483647;
			files = (
				5BC9175C1AEC0F6600F4C2D3 /* tipsterTests.swift in Sources */,
			);
			runOnlyForDeploymentPostprocessing = 0;
		};
/* End PBXSourcesBuildPhase section */

/* Begin PBXTargetDependency section */
		5BC917571AEC0F6600F4C2D3 /* PBXTargetDependency */ = {
			isa = PBXTargetDependency;
			target = 5BC9173F1AEC0F6600F4C2D3 /* tipster */;
			targetProxy = 5BC917561AEC0F6600F4C2D3 /* PBXContainerItemProxy */;
		};
/* End PBXTargetDependency section */

/* Begin PBXVariantGroup section */
		5BC917491AEC0F6600F4C2D3 /* Main.storyboard */ = {
			isa = PBXVariantGroup;
			children = (
				5BC9174A1AEC0F6600F4C2D3 /* Base */,
			);
			name = Main.storyboard;
			sourceTree = "<group>";
		};
		5BC9174E1AEC0F6600F4C2D3 /* LaunchScreen.xib */ = {
			isa = PBXVariantGroup;
			children = (
				5BC9174F1AEC0F6600F4C2D3 /* Base */,
			);
			name = LaunchScreen.xib;
			sourceTree = "<group>";
		};
/* End PBXVariantGroup section */

/* Begin XCBuildConfiguration section */
		5BC9175D1AEC0F6600F4C2D3 /* Debug */ = {
			isa = XCBuildConfiguration;
			buildSettings = {
				ALWAYS_SEARCH_USER_PATHS = NO;
				CLANG_CXX_LANGUAGE_STANDARD = "gnu++0x";
				CLANG_CXX_LIBRARY = "libc++";
				CLANG_ENABLE_MODULES = YES;
				CLANG_ENABLE_OBJC_ARC = YES;
				CLANG_WARN_BOOL_CONVERSION = YES;
				CLANG_WARN_CONSTANT_CONVERSION = YES;
				CLANG_WARN_DIRECT_OBJC_ISA_USAGE = YES_ERROR;
				CLANG_WARN_EMPTY_BODY = YES;
				CLANG_WARN_ENUM_CONVERSION = YES;
				CLANG_WARN_INT_CONVERSION = YES;
				CLANG_WARN_OBJC_ROOT_CLASS = YES_ERROR;
				CLANG_WARN_UNREACHABLE_CODE = YES;
				CLANG_WARN__DUPLICATE_METHOD_MATCH = YES;
				"CODE_SIGN_IDENTITY[sdk=iphoneos*]" = "iPhone Developer";
				COPY_PHASE_STRIP = NO;
				ENABLE_STRICT_OBJC_MSGSEND = YES;
				GCC_C_LANGUAGE_STANDARD = gnu99;
				GCC_DYNAMIC_NO_PIC = NO;
				GCC_OPTIMIZATION_LEVEL = 0;
				GCC_PREPROCESSOR_DEFINITIONS = (
					"DEBUG=1",
					"$(inherited)",
				);
				GCC_SYMBOLS_PRIVATE_EXTERN = NO;
				GCC_WARN_64_TO_32_BIT_CONVERSION = YES;
				GCC_WARN_ABOUT_RETURN_TYPE = YES_ERROR;
				GCC_WARN_UNDECLARED_SELECTOR = YES;
				GCC_WARN_UNINITIALIZED_AUTOS = YES_AGGRESSIVE;
				GCC_WARN_UNUSED_FUNCTION = YES;
				GCC_WARN_UNUSED_VARIABLE = YES;
				IPHONEOS_DEPLOYMENT_TARGET = 8.1;
				MTL_ENABLE_DEBUG_INFO = YES;
				ONLY_ACTIVE_ARCH = YES;
				SDKROOT = iphoneos;
				SWIFT_OPTIMIZATION_LEVEL = "-Onone";
			};
			name = Debug;
		};
		5BC9175E1AEC0F6600F4C2D3 /* Release */ = {
			isa = XCBuildConfiguration;
			buildSettings = {
				ALWAYS_SEARCH_USER_PATHS = NO;
				CLANG_CXX_LANGUAGE_STANDARD = "gnu++0x";
				CLANG_CXX_LIBRARY = "libc++";
				CLANG_ENABLE_MODULES = YES;
				CLANG_ENABLE_OBJC_ARC = YES;
				CLANG_WARN_BOOL_CONVERSION = YES;
				CLANG_WARN_CONSTANT_CONVERSION = YES;
				CLANG_WARN_DIRECT_OBJC_ISA_USAGE = YES_ERROR;
				CLANG_WARN_EMPTY_BODY = YES;
				CLANG_WARN_ENUM_CONVERSION = YES;
				CLANG_WARN_INT_CONVERSION = YES;
				CLANG_WARN_OBJC_ROOT_CLASS = YES_ERROR;
				CLANG_WARN_UNREACHABLE_CODE = YES;
				CLANG_WARN__DUPLICATE_METHOD_MATCH = YES;
				"CODE_SIGN_IDENTITY[sdk=iphoneos*]" = "iPhone Developer";
				COPY_PHASE_STRIP = YES;
				ENABLE_NS_ASSERTIONS = NO;
				ENABLE_STRICT_OBJC_MSGSEND = YES;
				GCC_C_LANGUAGE_STANDARD = gnu99;
				GCC_WARN_64_TO_32_BIT_CONVERSION = YES;
				GCC_WARN_ABOUT_RETURN_TYPE = YES_ERROR;
				GCC_WARN_UNDECLARED_SELECTOR = YES;
				GCC_WARN_UNINITIALIZED_AUTOS = YES_AGGRESSIVE;
				GCC_WARN_UNUSED_FUNCTION = YES;
				GCC_WARN_UNUSED_VARIABLE = YES;
				IPHONEOS_DEPLOYMENT_TARGET = 8.1;
				MTL_ENABLE_DEBUG_INFO = NO;
				SDKROOT = iphoneos;
				VALIDATE_PRODUCT = YES;
			};
			name = Release;
		};
		5BC917601AEC0F6600F4C2D3 /* Debug */ = {
			isa = XCBuildConfiguration;
			buildSettings = {
				ASSETCATALOG_COMPILER_APPICON_NAME = AppIcon;
				INFOPLIST_FILE = tipster/Info.plist;
				LD_RUNPATH_SEARCH_PATHS = "$(inherited) @executable_path/Frameworks";
				PRODUCT_NAME = "$(TARGET_NAME)";
			};
			name = Debug;
		};
		5BC917611AEC0F6600F4C2D3 /* Release */ = {
			isa = XCBuildConfiguration;
			buildSettings = {
				ASSETCATALOG_COMPILER_APPICON_NAME = AppIcon;
				INFOPLIST_FILE = tipster/Info.plist;
				LD_RUNPATH_SEARCH_PATHS = "$(inherited) @executable_path/Frameworks";
				PRODUCT_NAME = "$(TARGET_NAME)";
			};
			name = Release;
		};
		5BC917631AEC0F6600F4C2D3 /* Debug */ = {
			isa = XCBuildConfiguration;
			buildSettings = {
				BUNDLE_LOADER = "$(TEST_HOST)";
				FRAMEWORK_SEARCH_PATHS = (
					"$(SDKROOT)/Developer/Library/Frameworks",
					"$(inherited)",
				);
				GCC_PREPROCESSOR_DEFINITIONS = (
					"DEBUG=1",
					"$(inherited)",
				);
				INFOPLIST_FILE = tipsterTests/Info.plist;
				LD_RUNPATH_SEARCH_PATHS = "$(inherited) @executable_path/Frameworks @loader_path/Frameworks";
				PRODUCT_NAME = "$(TARGET_NAME)";
				TEST_HOST = "$(BUILT_PRODUCTS_DIR)/tipster.app/tipster";
			};
			name = Debug;
		};
		5BC917641AEC0F6600F4C2D3 /* Release */ = {
			isa = XCBuildConfiguration;
			buildSettings = {
				BUNDLE_LOADER = "$(TEST_HOST)";
				FRAMEWORK_SEARCH_PATHS = (
					"$(SDKROOT)/Developer/Library/Frameworks",
					"$(inherited)",
				);
				INFOPLIST_FILE = tipsterTests/Info.plist;
				LD_RUNPATH_SEARCH_PATHS = "$(inherited) @executable_path/Frameworks @loader_path/Frameworks";
				PRODUCT_NAME = "$(TARGET_NAME)";
				TEST_HOST = "$(BUILT_PRODUCTS_DIR)/tipster.app/tipster";
			};
			name = Release;
		};
/* End XCBuildConfiguration section */

/* Begin XCConfigurationList section */
		5BC9173B1AEC0F6600F4C2D3 /* Build configuration list for PBXProject "tipster" */ = {
			isa = XCConfigurationList;
			buildConfigurations = (
				5BC9175D1AEC0F6600F4C2D3 /* Debug */,
				5BC9175E1AEC0F6600F4C2D3 /* Release */,
			);
			defaultConfigurationIsVisible = 0;
			defaultConfigurationName = Release;
		};
		5BC9175F1AEC0F6600F4C2D3 /* Build configuration list for PBXNativeTarget "tipster" */ = {
			isa = XCConfigurationList;
			buildConfigurations = (
				5BC917601AEC0F6600F4C2D3 /* Debug */,
				5BC917611AEC0F6600F4C2D3 /* Release */,
			);
			defaultConfigurationIsVisible = 0;
		};
		5BC917621AEC0F6600F4C2D3 /* Build configuration list for PBXNativeTarget "tipsterTests" */ = {
			isa = XCConfigurationList;
			buildConfigurations = (
				5BC917631AEC0F6600F4C2D3 /* Debug */,
				5BC917641AEC0F6600F4C2D3 /* Release */,
			);
			defaultConfigurationIsVisible = 0;
		};
/* End XCConfigurationList section */
	};
	rootObject = 5BC917381AEC0F6600F4C2D3 /* Project object */;
}
